
Microsoft Visual Studio Solution File, Format Version 12.00
# Visual Studio Version 17
VisualStudioVersion = 17.0.31903.59
MinimumVisualStudioVersion = 10.0.40219.1
Project("{FAE04EC0-301F-11D3-BF4B-00C04F79EFBC}") = "PostProcessor.Core", "src\PostProcessor.Core\PostProcessor.Core.csproj", "{A9903A84-6918-4E9B-9A90-D4DE4BFA8534}"
EndProject
Project("{FAE04EC0-301F-11D3-BF4B-00C04F79EFBC}") = "PostProcessor.APT", "src\PostProcessor.APT\PostProcessor.APT.csproj", "{BC54A7AD-9ACA-4784-AB38-AF9F702462D1}"
EndProject
Project("{FAE04EC0-301F-11D3-BF4B-00C04F79EFBC}") = "PostProcessor.CLI", "src\PostProcessor.CLI\PostProcessor.CLI.csproj", "{C6BDFD97-3FBA-4C06-9F19-0C53A06065FE}"
EndProject
Project("{FAE04EC0-301F-11D3-BF4B-00C04F79EFBC}") = "PostProcessor.Macros", "src\PostProcessor.Macros\PostProcessor.Macros.csproj", "{0BFB1D5C-DEEA-4906-A65F-50A35727D6E4}"
EndProject
Project("{2150E333-8FDC-42A3-9474-1A3956D46DE8}") = "Solution Items", "Solution Items", "{36D591C7-65C7-A0D1-1CBC-10CDE441BDC8}"
	ProjectSection(SolutionItems) = preProject
		.editorconfig = .editorconfig
		README.md = README.md
		NuGet.config = NuGet.config
	EndProjectSection
EndProject
Global
	GlobalSection(SolutionConfigurationPlatforms) = preSolution
		Debug|Any CPU = Debug|Any CPU
		Release|Any CPU = Release|Any CPU
	EndGlobalSection
	GlobalSection(ProjectConfigurationPlatforms) = postSolution
		{A9903A84-6918-4E9B-9A90-D4DE4BFA8534}.Debug|Any CPU.ActiveCfg = Debug|Any CPU
		{A9903A84-6918-4E9B-9A90-D4DE4BFA8534}.Debug|Any CPU.Build.0 = Debug|Any CPU
		{A9903A84-6918-4E9B-9A90-D4DE4BFA8534}.Release|Any CPU.ActiveCfg = Release|Any CPU
		{A9903A84-6918-4E9B-9A90-D4DE4BFA8534}.Release|Any CPU.Build.0 = Release|Any CPU
		{BC54A7AD-9ACA-4784-AB38-AF9F702462D1}.Debug|Any CPU.ActiveCfg = Debug|Any CPU
		{BC54A7AD-9ACA-4784-AB38-AF9F702462D1}.Debug|Any CPU.Build.0 = Debug|Any CPU
		{BC54A7AD-9ACA-4784-AB38-AF9F702462D1}.Release|Any CPU.ActiveCfg = Release|Any CPU
		{BC54A7AD-9ACA-4784-AB38-AF9F702462D1}.Release|Any CPU.Build.0 = Release|Any CPU
		{C6BDFD97-3FBA-4C06-9F19-0C53A06065FE}.Debug|Any CPU.ActiveCfg = Debug|Any CPU
		{C6BDFD97-3FBA-4C06-9F19-0C53A06065FE}.Debug|Any CPU.Build.0 = Debug|Any CPU
		{C6BDFD97-3FBA-4C06-9F19-0C53A06065FE}.Release|Any CPU.ActiveCfg = Release|Any CPU
		{C6BDFD97-3FBA-4C06-9F19-0C53A06065FE}.Release|Any CPU.Build.0 = Release|Any CPU
		{0BFB1D5C-DEEA-4906-A65F-50A35727D6E4}.Debug|Any CPU.ActiveCfg = Debug|Any CPU
		{0BFB1D5C-DEEA-4906-A65F-50A35727D6E4}.Debug|Any CPU.Build.0 = Debug|Any CPU
		{0BFB1D5C-DEEA-4906-A65F-50A35727D6E4}.Release|Any CPU.ActiveCfg = Release|Any CPU
		{0BFB1D5C-DEEA-4906-A65F-50A35727D6E4}.Release|Any CPU.Build.0 = Release|Any CPU
	EndGlobalSection
	GlobalSection(SolutionProperties) = preSolution
		HideSolutionNode = FALSE
	EndGlobalSection
	GlobalSection(ExtensibilityGlobals) = postSolution
		SolutionGuid = {9A8CA968-6965-4913-B313-D622F934B853}
	EndGlobalSection
EndGlobal
